// !$*UTF8*$!
{
	archiveVersion = 1;
	classes = {
	};
	objectVersion = 56;
	objects = {

/* Begin PBXBuildFile section */
		201824C02A6557B800D06F10 /* VoiceGuideTests.swift in Sources */ = {isa = PBXBuildFile; fileRef = 201824BF2A6557B800D06F10 /* VoiceGuideTests.swift */; };
		206F2AB029F973570093935E /* VoiceGuideApp.swift in Sources */ = {isa = PBXBuildFile; fileRef = 206F2AAF29F973570093935E /* VoiceGuideApp.swift */; };
		206F2AB229F973570093935E /* ContentView.swift in Sources */ = {isa = PBXBuildFile; fileRef = 206F2AB129F973570093935E /* ContentView.swift */; };
		206F2AB429F973580093935E /* Assets.xcassets in Resources */ = {isa = PBXBuildFile; fileRef = 206F2AB329F973580093935E /* Assets.xcassets */; };
		206F2AB729F973580093935E /* Preview Assets.xcassets in Resources */ = {isa = PBXBuildFile; fileRef = 206F2AB629F973580093935E /* Preview Assets.xcassets */; };
		206F2ABF29F9746B0093935E /* SwiftRUI in Frameworks */ = {isa = PBXBuildFile; productRef = 206F2ABE29F9746B0093935E /* SwiftRUI */; };
		206F2AC229F975C70093935E /* PlaySaveDownloadBar.swift in Sources */ = {isa = PBXBuildFile; fileRef = 206F2AC129F975C70093935E /* PlaySaveDownloadBar.swift */; };
		901E2E0A973F8113882EF36E /* Pods_VoiceGuideTests.framework in Frameworks */ = {isa = PBXBuildFile; fileRef = 9F9839442181B3634D6A5923 /* Pods_VoiceGuideTests.framework */; };
		98C089C280C4B7C4C571B5CD /* Pods_VoiceGuide.framework in Frameworks */ = {isa = PBXBuildFile; fileRef = 78A1FEA330CF67D8D907D28F /* Pods_VoiceGuide.framework */; };
/* End PBXBuildFile section */

/* Begin PBXContainerItemProxy section */
		201824C12A6557B800D06F10 /* PBXContainerItemProxy */ = {
			isa = PBXContainerItemProxy;
			containerPortal = 206F2AA429F973570093935E /* Project object */;
			proxyType = 1;
			remoteGlobalIDString = 206F2AAB29F973570093935E;
			remoteInfo = VoiceGuide;
		};
/* End PBXContainerItemProxy section */

/* Begin PBXFileReference section */
		1469E9E31371028008B570A8 /* Pods-VoiceGuideTests.debug.xcconfig */ = {isa = PBXFileReference; includeInIndex = 1; lastKnownFileType = text.xcconfig; name = "Pods-VoiceGuideTests.debug.xcconfig"; path = "Target Support Files/Pods-VoiceGuideTests/Pods-VoiceGuideTests.debug.xcconfig"; sourceTree = "<group>"; };
		201824BD2A6557B800D06F10 /* VoiceGuideTests.xctest */ = {isa = PBXFileReference; explicitFileType = wrapper.cfbundle; includeInIndex = 0; path = VoiceGuideTests.xctest; sourceTree = BUILT_PRODUCTS_DIR; };
		201824BF2A6557B800D06F10 /* VoiceGuideTests.swift */ = {isa = PBXFileReference; lastKnownFileType = sourcecode.swift; path = VoiceGuideTests.swift; sourceTree = "<group>"; };
		20246AE92A790DD6004247E4 /* ci_post_clone.sh */ = {isa = PBXFileReference; lastKnownFileType = text.script.sh; path = ci_post_clone.sh; sourceTree = "<group>"; };
		206F2AAC29F973570093935E /* VoiceGuide.app */ = {isa = PBXFileReference; explicitFileType = wrapper.application; includeInIndex = 0; path = VoiceGuide.app; sourceTree = BUILT_PRODUCTS_DIR; };
		206F2AAF29F973570093935E /* VoiceGuideApp.swift */ = {isa = PBXFileReference; lastKnownFileType = sourcecode.swift; path = VoiceGuideApp.swift; sourceTree = "<group>"; };
		206F2AB129F973570093935E /* ContentView.swift */ = {isa = PBXFileReference; lastKnownFileType = sourcecode.swift; path = ContentView.swift; sourceTree = "<group>"; };
		206F2AB329F973580093935E /* Assets.xcassets */ = {isa = PBXFileReference; lastKnownFileType = folder.assetcatalog; path = Assets.xcassets; sourceTree = "<group>"; };
		206F2AB629F973580093935E /* Preview Assets.xcassets */ = {isa = PBXFileReference; lastKnownFileType = folder.assetcatalog; path = "Preview Assets.xcassets"; sourceTree = "<group>"; };
		206F2AC129F975C70093935E /* PlaySaveDownloadBar.swift */ = {isa = PBXFileReference; lastKnownFileType = sourcecode.swift; path = PlaySaveDownloadBar.swift; sourceTree = "<group>"; };
		206F2AC329F97D730093935E /* Info.plist */ = {isa = PBXFileReference; lastKnownFileType = text.plist; path = Info.plist; sourceTree = "<group>"; };
		78A1FEA330CF67D8D907D28F /* Pods_VoiceGuide.framework */ = {isa = PBXFileReference; explicitFileType = wrapper.framework; includeInIndex = 0; path = Pods_VoiceGuide.framework; sourceTree = BUILT_PRODUCTS_DIR; };
		7F21A90854AA0D95D37CE97F /* Pods-VoiceGuideTests.release.xcconfig */ = {isa = PBXFileReference; includeInIndex = 1; lastKnownFileType = text.xcconfig; name = "Pods-VoiceGuideTests.release.xcconfig"; path = "Target Support Files/Pods-VoiceGuideTests/Pods-VoiceGuideTests.release.xcconfig"; sourceTree = "<group>"; };
		90D6EAC417E76408648A1F6A /* Pods-VoiceGuide.release.xcconfig */ = {isa = PBXFileReference; includeInIndex = 1; lastKnownFileType = text.xcconfig; name = "Pods-VoiceGuide.release.xcconfig"; path = "Target Support Files/Pods-VoiceGuide/Pods-VoiceGuide.release.xcconfig"; sourceTree = "<group>"; };
		9F9839442181B3634D6A5923 /* Pods_VoiceGuideTests.framework */ = {isa = PBXFileReference; explicitFileType = wrapper.framework; includeInIndex = 0; path = Pods_VoiceGuideTests.framework; sourceTree = BUILT_PRODUCTS_DIR; };
		A8C5EB9EFB29A577F723E8BF /* Pods-VoiceGuide.debug.xcconfig */ = {isa = PBXFileReference; includeInIndex = 1; lastKnownFileType = text.xcconfig; name = "Pods-VoiceGuide.debug.xcconfig"; path = "Target Support Files/Pods-VoiceGuide/Pods-VoiceGuide.debug.xcconfig"; sourceTree = "<group>"; };
/* End PBXFileReference section */

/* Begin PBXFrameworksBuildPhase section */
		201824BA2A6557B800D06F10 /* Frameworks */ = {
			isa = PBXFrameworksBuildPhase;
			buildActionMask = 2147483647;
			files = (
				901E2E0A973F8113882EF36E /* Pods_VoiceGuideTests.framework in Frameworks */,
			);
			runOnlyForDeploymentPostprocessing = 0;
		};
		206F2AA929F973570093935E /* Frameworks */ = {
			isa = PBXFrameworksBuildPhase;
			buildActionMask = 2147483647;
			files = (
				206F2ABF29F9746B0093935E /* SwiftRUI in Frameworks */,
				98C089C280C4B7C4C571B5CD /* Pods_VoiceGuide.framework in Frameworks */,
			);
			runOnlyForDeploymentPostprocessing = 0;
		};
/* End PBXFrameworksBuildPhase section */

/* Begin PBXGroup section */
		01A4CE307C7FAB86335D6614 /* Frameworks */ = {
			isa = PBXGroup;
			children = (
				78A1FEA330CF67D8D907D28F /* Pods_VoiceGuide.framework */,
				9F9839442181B3634D6A5923 /* Pods_VoiceGuideTests.framework */,
			);
			name = Frameworks;
			sourceTree = "<group>";
		};
		103C9AF5A13EF598D928FEA2 /* Pods */ = {
			isa = PBXGroup;
			children = (
				A8C5EB9EFB29A577F723E8BF /* Pods-VoiceGuide.debug.xcconfig */,
				90D6EAC417E76408648A1F6A /* Pods-VoiceGuide.release.xcconfig */,
				1469E9E31371028008B570A8 /* Pods-VoiceGuideTests.debug.xcconfig */,
				7F21A90854AA0D95D37CE97F /* Pods-VoiceGuideTests.release.xcconfig */,
			);
			path = Pods;
			sourceTree = "<group>";
		};
		201824BE2A6557B800D06F10 /* VoiceGuideTests */ = {
			isa = PBXGroup;
			children = (
				201824BF2A6557B800D06F10 /* VoiceGuideTests.swift */,
			);
			path = VoiceGuideTests;
			sourceTree = "<group>";
		};
		20246AE82A790DB7004247E4 /* ci_scripts */ = {
			isa = PBXGroup;
			children = (
				20246AE92A790DD6004247E4 /* ci_post_clone.sh */,
			);
			path = ci_scripts;
			sourceTree = "<group>";
		};
		206F2AA329F973570093935E = {
			isa = PBXGroup;
			children = (
				20246AE82A790DB7004247E4 /* ci_scripts */,
				206F2AAE29F973570093935E /* VoiceGuide */,
				201824BE2A6557B800D06F10 /* VoiceGuideTests */,
				206F2AAD29F973570093935E /* Products */,
				103C9AF5A13EF598D928FEA2 /* Pods */,
				01A4CE307C7FAB86335D6614 /* Frameworks */,
			);
			sourceTree = "<group>";
		};
		206F2AAD29F973570093935E /* Products */ = {
			isa = PBXGroup;
			children = (
				206F2AAC29F973570093935E /* VoiceGuide.app */,
				201824BD2A6557B800D06F10 /* VoiceGuideTests.xctest */,
			);
			name = Products;
			sourceTree = "<group>";
		};
		206F2AAE29F973570093935E /* VoiceGuide */ = {
			isa = PBXGroup;
			children = (
				206F2AC329F97D730093935E /* Info.plist */,
				206F2AC029F975A70093935E /* Components */,
				206F2AAF29F973570093935E /* VoiceGuideApp.swift */,
				206F2AB129F973570093935E /* ContentView.swift */,
				206F2AB329F973580093935E /* Assets.xcassets */,
				206F2AB529F973580093935E /* Preview Content */,
			);
			path = VoiceGuide;
			sourceTree = "<group>";
		};
		206F2AB529F973580093935E /* Preview Content */ = {
			isa = PBXGroup;
			children = (
				206F2AB629F973580093935E /* Preview Assets.xcassets */,
			);
			path = "Preview Content";
			sourceTree = "<group>";
		};
		206F2AC029F975A70093935E /* Components */ = {
			isa = PBXGroup;
			children = (
				206F2AC129F975C70093935E /* PlaySaveDownloadBar.swift */,
			);
			path = Components;
			sourceTree = "<group>";
		};
/* End PBXGroup section */

/* Begin PBXNativeTarget section */
		201824BC2A6557B800D06F10 /* VoiceGuideTests */ = {
			isa = PBXNativeTarget;
			buildConfigurationList = 201824C52A6557B800D06F10 /* Build configuration list for PBXNativeTarget "VoiceGuideTests" */;
			buildPhases = (
				F7C655FB438029E0FC549E51 /* [CP] Check Pods Manifest.lock */,
				201824B92A6557B800D06F10 /* Sources */,
				201824BA2A6557B800D06F10 /* Frameworks */,
				201824BB2A6557B800D06F10 /* Resources */,
			);
			buildRules = (
			);
			dependencies = (
				201824C22A6557B800D06F10 /* PBXTargetDependency */,
			);
			name = VoiceGuideTests;
			productName = VoiceGuideTests;
			productReference = 201824BD2A6557B800D06F10 /* VoiceGuideTests.xctest */;
			productType = "com.apple.product-type.bundle.unit-test";
		};
		206F2AAB29F973570093935E /* VoiceGuide */ = {
			isa = PBXNativeTarget;
			buildConfigurationList = 206F2ABA29F973580093935E /* Build configuration list for PBXNativeTarget "VoiceGuide" */;
			buildPhases = (
				F8C38BECEA31ECB5B5724E67 /* [CP] Check Pods Manifest.lock */,
				206F2AA829F973570093935E /* Sources */,
				206F2AA929F973570093935E /* Frameworks */,
				206F2AAA29F973570093935E /* Resources */,
				32BA47CABD1E62C3467BB06F /* [CP] Embed Pods Frameworks */,
			);
			buildRules = (
			);
			dependencies = (
			);
			name = VoiceGuide;
			packageProductDependencies = (
				206F2ABE29F9746B0093935E /* SwiftRUI */,
			);
			productName = VoiceGuide;
			productReference = 206F2AAC29F973570093935E /* VoiceGuide.app */;
			productType = "com.apple.product-type.application";
		};
/* End PBXNativeTarget section */

/* Begin PBXProject section */
		206F2AA429F973570093935E /* Project object */ = {
			isa = PBXProject;
			attributes = {
				BuildIndependentTargetsInParallel = 1;
				LastSwiftUpdateCheck = 1430;
				LastUpgradeCheck = 1430;
				TargetAttributes = {
					201824BC2A6557B800D06F10 = {
						CreatedOnToolsVersion = 14.3.1;
						TestTargetID = 206F2AAB29F973570093935E;
					};
					206F2AAB29F973570093935E = {
						CreatedOnToolsVersion = 14.3;
					};
				};
			};
			buildConfigurationList = 206F2AA729F973570093935E /* Build configuration list for PBXProject "VoiceGuide" */;
			compatibilityVersion = "Xcode 14.0";
			developmentRegion = en;
			hasScannedForEncodings = 0;
			knownRegions = (
				en,
				Base,
			);
			mainGroup = 206F2AA329F973570093935E;
			packageReferences = (
				206F2ABD29F9746B0093935E /* XCRemoteSwiftPackageReference "SwiftRUI" */,
			);
			productRefGroup = 206F2AAD29F973570093935E /* Products */;
			projectDirPath = "";
			projectRoot = "";
			targets = (
				206F2AAB29F973570093935E /* VoiceGuide */,
				201824BC2A6557B800D06F10 /* VoiceGuideTests */,
			);
		};
/* End PBXProject section */

/* Begin PBXResourcesBuildPhase section */
		201824BB2A6557B800D06F10 /* Resources */ = {
			isa = PBXResourcesBuildPhase;
			buildActionMask = 2147483647;
			files = (
			);
			runOnlyForDeploymentPostprocessing = 0;
		};
		206F2AAA29F973570093935E /* Resources */ = {
			isa = PBXResourcesBuildPhase;
			buildActionMask = 2147483647;
			files = (
				206F2AB729F973580093935E /* Preview Assets.xcassets in Resources */,
				206F2AB429F973580093935E /* Assets.xcassets in Resources */,
			);
			runOnlyForDeploymentPostprocessing = 0;
		};
/* End PBXResourcesBuildPhase section */

/* Begin PBXShellScriptBuildPhase section */
		32BA47CABD1E62C3467BB06F /* [CP] Embed Pods Frameworks */ = {
			isa = PBXShellScriptBuildPhase;
			buildActionMask = 2147483647;
			files = (
			);
			inputFileListPaths = (
				"${PODS_ROOT}/Target Support Files/Pods-VoiceGuide/Pods-VoiceGuide-frameworks-${CONFIGURATION}-input-files.xcfilelist",
			);
			name = "[CP] Embed Pods Frameworks";
			outputFileListPaths = (
				"${PODS_ROOT}/Target Support Files/Pods-VoiceGuide/Pods-VoiceGuide-frameworks-${CONFIGURATION}-output-files.xcfilelist",
			);
			runOnlyForDeploymentPostprocessing = 0;
			shellPath = /bin/sh;
			shellScript = "\"${PODS_ROOT}/Target Support Files/Pods-VoiceGuide/Pods-VoiceGuide-frameworks.sh\"\n";
			showEnvVarsInLog = 0;
		};
		F7C655FB438029E0FC549E51 /* [CP] Check Pods Manifest.lock */ = {
			isa = PBXShellScriptBuildPhase;
			buildActionMask = 2147483647;
			files = (
			);
			inputFileListPaths = (
			);
			inputPaths = (
				"${PODS_PODFILE_DIR_PATH}/Podfile.lock",
				"${PODS_ROOT}/Manifest.lock",
			);
			name = "[CP] Check Pods Manifest.lock";
			outputFileListPaths = (
			);
			outputPaths = (
				"$(DERIVED_FILE_DIR)/Pods-VoiceGuideTests-checkManifestLockResult.txt",
			);
			runOnlyForDeploymentPostprocessing = 0;
			shellPath = /bin/sh;
			shellScript = "diff \"${PODS_PODFILE_DIR_PATH}/Podfile.lock\" \"${PODS_ROOT}/Manifest.lock\" > /dev/null\nif [ $? != 0 ] ; then\n    # print error to STDERR\n    echo \"error: The sandbox is not in sync with the Podfile.lock. Run 'pod install' or update your CocoaPods installation.\" >&2\n    exit 1\nfi\n# This output is used by Xcode 'outputs' to avoid re-running this script phase.\necho \"SUCCESS\" > \"${SCRIPT_OUTPUT_FILE_0}\"\n";
			showEnvVarsInLog = 0;
		};
		F8C38BECEA31ECB5B5724E67 /* [CP] Check Pods Manifest.lock */ = {
			isa = PBXShellScriptBuildPhase;
			buildActionMask = 2147483647;
			files = (
			);
			inputFileListPaths = (
			);
			inputPaths = (
				"${PODS_PODFILE_DIR_PATH}/Podfile.lock",
				"${PODS_ROOT}/Manifest.lock",
			);
			name = "[CP] Check Pods Manifest.lock";
			outputFileListPaths = (
			);
			outputPaths = (
				"$(DERIVED_FILE_DIR)/Pods-VoiceGuide-checkManifestLockResult.txt",
			);
			runOnlyForDeploymentPostprocessing = 0;
			shellPath = /bin/sh;
			shellScript = "diff \"${PODS_PODFILE_DIR_PATH}/Podfile.lock\" \"${PODS_ROOT}/Manifest.lock\" > /dev/null\nif [ $? != 0 ] ; then\n    # print error to STDERR\n    echo \"error: The sandbox is not in sync with the Podfile.lock. Run 'pod install' or update your CocoaPods installation.\" >&2\n    exit 1\nfi\n# This output is used by Xcode 'outputs' to avoid re-running this script phase.\necho \"SUCCESS\" > \"${SCRIPT_OUTPUT_FILE_0}\"\n";
			showEnvVarsInLog = 0;
		};
/* End PBXShellScriptBuildPhase section */

/* Begin PBXSourcesBuildPhase section */
		201824B92A6557B800D06F10 /* Sources */ = {
			isa = PBXSourcesBuildPhase;
			buildActionMask = 2147483647;
			files = (
				201824C02A6557B800D06F10 /* VoiceGuideTests.swift in Sources */,
			);
			runOnlyForDeploymentPostprocessing = 0;
		};
		206F2AA829F973570093935E /* Sources */ = {
			isa = PBXSourcesBuildPhase;
			buildActionMask = 2147483647;
			files = (
				206F2AB229F973570093935E /* ContentView.swift in Sources */,
				206F2AC229F975C70093935E /* PlaySaveDownloadBar.swift in Sources */,
				206F2AB029F973570093935E /* VoiceGuideApp.swift in Sources */,
			);
			runOnlyForDeploymentPostprocessing = 0;
		};
/* End PBXSourcesBuildPhase section */

/* Begin PBXTargetDependency section */
		201824C22A6557B800D06F10 /* PBXTargetDependency */ = {
			isa = PBXTargetDependency;
			target = 206F2AAB29F973570093935E /* VoiceGuide */;
			targetProxy = 201824C12A6557B800D06F10 /* PBXContainerItemProxy */;
		};
/* End PBXTargetDependency section */

/* Begin XCBuildConfiguration section */
		201824C32A6557B800D06F10 /* Debug */ = {
			isa = XCBuildConfiguration;
			baseConfigurationReference = 1469E9E31371028008B570A8 /* Pods-VoiceGuideTests.debug.xcconfig */;
			buildSettings = {
				BUNDLE_LOADER = "$(TEST_HOST)";
				CODE_SIGN_STYLE = Automatic;
				CURRENT_PROJECT_VERSION = 1;
				DEVELOPMENT_TEAM = RW9GMW82XW;
				GENERATE_INFOPLIST_FILE = YES;
				MARKETING_VERSION = 1.0;
				PRODUCT_BUNDLE_IDENTIFIER = com.sweekwang.VoiceGuideTests;
				PRODUCT_NAME = "$(TARGET_NAME)";
				SWIFT_EMIT_LOC_STRINGS = NO;
				SWIFT_VERSION = 5.0;
				TARGETED_DEVICE_FAMILY = "1,2";
				TEST_HOST = "$(BUILT_PRODUCTS_DIR)/VoiceGuide.app/$(BUNDLE_EXECUTABLE_FOLDER_PATH)/VoiceGuide";
			};
			name = Debug;
		};
		201824C42A6557B800D06F10 /* Release */ = {
			isa = XCBuildConfiguration;
			baseConfigurationReference = 7F21A90854AA0D95D37CE97F /* Pods-VoiceGuideTests.release.xcconfig */;
			buildSettings = {
				BUNDLE_LOADER = "$(TEST_HOST)";
				CODE_SIGN_STYLE = Automatic;
				CURRENT_PROJECT_VERSION = 1;
				DEVELOPMENT_TEAM = RW9GMW82XW;
				GENERATE_INFOPLIST_FILE = YES;
				MARKETING_VERSION = 1.0;
				PRODUCT_BUNDLE_IDENTIFIER = com.sweekwang.VoiceGuideTests;
				PRODUCT_NAME = "$(TARGET_NAME)";
				SWIFT_EMIT_LOC_STRINGS = NO;
				SWIFT_VERSION = 5.0;
				TARGETED_DEVICE_FAMILY = "1,2";
				TEST_HOST = "$(BUILT_PRODUCTS_DIR)/VoiceGuide.app/$(BUNDLE_EXECUTABLE_FOLDER_PATH)/VoiceGuide";
			};
			name = Release;
		};
		206F2AB829F973580093935E /* Debug */ = {
			isa = XCBuildConfiguration;
			buildSettings = {
				ALWAYS_SEARCH_USER_PATHS = NO;
				CLANG_ANALYZER_NONNULL = YES;
				CLANG_ANALYZER_NUMBER_OBJECT_CONVERSION = YES_AGGRESSIVE;
				CLANG_CXX_LANGUAGE_STANDARD = "gnu++20";
				CLANG_ENABLE_MODULES = YES;
				CLANG_ENABLE_OBJC_ARC = YES;
				CLANG_ENABLE_OBJC_WEAK = YES;
				CLANG_WARN_BLOCK_CAPTURE_AUTORELEASING = YES;
				CLANG_WARN_BOOL_CONVERSION = YES;
				CLANG_WARN_COMMA = YES;
				CLANG_WARN_CONSTANT_CONVERSION = YES;
				CLANG_WARN_DEPRECATED_OBJC_IMPLEMENTATIONS = YES;
				CLANG_WARN_DIRECT_OBJC_ISA_USAGE = YES_ERROR;
				CLANG_WARN_DOCUMENTATION_COMMENTS = YES;
				CLANG_WARN_EMPTY_BODY = YES;
				CLANG_WARN_ENUM_CONVERSION = YES;
				CLANG_WARN_INFINITE_RECURSION = YES;
				CLANG_WARN_INT_CONVERSION = YES;
				CLANG_WARN_NON_LITERAL_NULL_CONVERSION = YES;
				CLANG_WARN_OBJC_IMPLICIT_RETAIN_SELF = YES;
				CLANG_WARN_OBJC_LITERAL_CONVERSION = YES;
				CLANG_WARN_OBJC_ROOT_CLASS = YES_ERROR;
				CLANG_WARN_QUOTED_INCLUDE_IN_FRAMEWORK_HEADER = YES;
				CLANG_WARN_RANGE_LOOP_ANALYSIS = YES;
				CLANG_WARN_STRICT_PROTOTYPES = YES;
				CLANG_WARN_SUSPICIOUS_MOVE = YES;
				CLANG_WARN_UNGUARDED_AVAILABILITY = YES_AGGRESSIVE;
				CLANG_WARN_UNREACHABLE_CODE = YES;
				CLANG_WARN__DUPLICATE_METHOD_MATCH = YES;
				COPY_PHASE_STRIP = NO;
				DEBUG_INFORMATION_FORMAT = dwarf;
				ENABLE_STRICT_OBJC_MSGSEND = YES;
				ENABLE_TESTABILITY = YES;
				GCC_C_LANGUAGE_STANDARD = gnu11;
				GCC_DYNAMIC_NO_PIC = NO;
				GCC_NO_COMMON_BLOCKS = YES;
				GCC_OPTIMIZATION_LEVEL = 0;
				GCC_PREPROCESSOR_DEFINITIONS = (
					"DEBUG=1",
					"$(inherited)",
				);
				GCC_WARN_64_TO_32_BIT_CONVERSION = YES;
				GCC_WARN_ABOUT_RETURN_TYPE = YES_ERROR;
				GCC_WARN_UNDECLARED_SELECTOR = YES;
				GCC_WARN_UNINITIALIZED_AUTOS = YES_AGGRESSIVE;
				GCC_WARN_UNUSED_FUNCTION = YES;
				GCC_WARN_UNUSED_VARIABLE = YES;
				IPHONEOS_DEPLOYMENT_TARGET = 16.4;
				MTL_ENABLE_DEBUG_INFO = INCLUDE_SOURCE;
				MTL_FAST_MATH = YES;
				ONLY_ACTIVE_ARCH = YES;
				SDKROOT = iphoneos;
				SWIFT_ACTIVE_COMPILATION_CONDITIONS = DEBUG;
				SWIFT_OPTIMIZATION_LEVEL = "-Onone";
			};
			name = Debug;
		};
		206F2AB929F973580093935E /* Release */ = {
			isa = XCBuildConfiguration;
			buildSettings = {
				ALWAYS_SEARCH_USER_PATHS = NO;
				CLANG_ANALYZER_NONNULL = YES;
				CLANG_ANALYZER_NUMBER_OBJECT_CONVERSION = YES_AGGRESSIVE;
				CLANG_CXX_LANGUAGE_STANDARD = "gnu++20";
				CLANG_ENABLE_MODULES = YES;
				CLANG_ENABLE_OBJC_ARC = YES;
				CLANG_ENABLE_OBJC_WEAK = YES;
				CLANG_WARN_BLOCK_CAPTURE_AUTORELEASING = YES;
				CLANG_WARN_BOOL_CONVERSION = YES;
				CLANG_WARN_COMMA = YES;
				CLANG_WARN_CONSTANT_CONVERSION = YES;
				CLANG_WARN_DEPRECATED_OBJC_IMPLEMENTATIONS = YES;
				CLANG_WARN_DIRECT_OBJC_ISA_USAGE = YES_ERROR;
				CLANG_WARN_DOCUMENTATION_COMMENTS = YES;
				CLANG_WARN_EMPTY_BODY = YES;
				CLANG_WARN_ENUM_CONVERSION = YES;
				CLANG_WARN_INFINITE_RECURSION = YES;
				CLANG_WARN_INT_CONVERSION = YES;
				CLANG_WARN_NON_LITERAL_NULL_CONVERSION = YES;
				CLANG_WARN_OBJC_IMPLICIT_RETAIN_SELF = YES;
				CLANG_WARN_OBJC_LITERAL_CONVERSION = YES;
				CLANG_WARN_OBJC_ROOT_CLASS = YES_ERROR;
				CLANG_WARN_QUOTED_INCLUDE_IN_FRAMEWORK_HEADER = YES;
				CLANG_WARN_RANGE_LOOP_ANALYSIS = YES;
				CLANG_WARN_STRICT_PROTOTYPES = YES;
				CLANG_WARN_SUSPICIOUS_MOVE = YES;
				CLANG_WARN_UNGUARDED_AVAILABILITY = YES_AGGRESSIVE;
				CLANG_WARN_UNREACHABLE_CODE = YES;
				CLANG_WARN__DUPLICATE_METHOD_MATCH = YES;
				COPY_PHASE_STRIP = NO;
				DEBUG_INFORMATION_FORMAT = "dwarf-with-dsym";
				ENABLE_NS_ASSERTIONS = NO;
				ENABLE_STRICT_OBJC_MSGSEND = YES;
				GCC_C_LANGUAGE_STANDARD = gnu11;
				GCC_NO_COMMON_BLOCKS = YES;
				GCC_WARN_64_TO_32_BIT_CONVERSION = YES;
				GCC_WARN_ABOUT_RETURN_TYPE = YES_ERROR;
				GCC_WARN_UNDECLARED_SELECTOR = YES;
				GCC_WARN_UNINITIALIZED_AUTOS = YES_AGGRESSIVE;
				GCC_WARN_UNUSED_FUNCTION = YES;
				GCC_WARN_UNUSED_VARIABLE = YES;
				IPHONEOS_DEPLOYMENT_TARGET = 16.4;
				MTL_ENABLE_DEBUG_INFO = NO;
				MTL_FAST_MATH = YES;
				SDKROOT = iphoneos;
				SWIFT_COMPILATION_MODE = wholemodule;
				SWIFT_OPTIMIZATION_LEVEL = "-O";
				VALIDATE_PRODUCT = YES;
			};
			name = Release;
		};
		206F2ABB29F973580093935E /* Debug */ = {
			isa = XCBuildConfiguration;
			baseConfigurationReference = A8C5EB9EFB29A577F723E8BF /* Pods-VoiceGuide.debug.xcconfig */;
			buildSettings = {
				ASSETCATALOG_COMPILER_APPICON_NAME = AppIcon;
				ASSETCATALOG_COMPILER_GLOBAL_ACCENT_COLOR_NAME = AccentColor;
				CODE_SIGN_STYLE = Automatic;
				CURRENT_PROJECT_VERSION = 1;
				DEVELOPMENT_ASSET_PATHS = "\"VoiceGuide/Preview Content\"";
				DEVELOPMENT_TEAM = RW9GMW82XW;
				ENABLE_PREVIEWS = YES;
				GENERATE_INFOPLIST_FILE = YES;
				INFOPLIST_FILE = VoiceGuide/Info.plist;
				INFOPLIST_KEY_UIApplicationSceneManifest_Generation = YES;
				INFOPLIST_KEY_UIApplicationSupportsIndirectInputEvents = YES;
				INFOPLIST_KEY_UILaunchScreen_Generation = YES;
				INFOPLIST_KEY_UISupportedInterfaceOrientations_iPad = "UIInterfaceOrientationPortrait UIInterfaceOrientationPortraitUpsideDown UIInterfaceOrientationLandscapeLeft UIInterfaceOrientationLandscapeRight";
				INFOPLIST_KEY_UISupportedInterfaceOrientations_iPhone = "UIInterfaceOrientationPortrait UIInterfaceOrientationLandscapeLeft UIInterfaceOrientationLandscapeRight";
				IPHONEOS_DEPLOYMENT_TARGET = 16.0;
				LD_RUNPATH_SEARCH_PATHS = (
					"$(inherited)",
					"@executable_path/Frameworks",
				);
				MARKETING_VERSION = 1.0;
				PRODUCT_BUNDLE_IDENTIFIER = com.weschua.VoiceGuide;
				PRODUCT_NAME = "$(TARGET_NAME)";
				SWIFT_EMIT_LOC_STRINGS = YES;
				SWIFT_VERSION = 5.0;
				TARGETED_DEVICE_FAMILY = "1,2";
			};
			name = Debug;
		};
		206F2ABC29F973580093935E /* Release */ = {
			isa = XCBuildConfiguration;
			baseConfigurationReference = 90D6EAC417E76408648A1F6A /* Pods-VoiceGuide.release.xcconfig */;
			buildSettings = {
				ASSETCATALOG_COMPILER_APPICON_NAME = AppIcon;
				ASSETCATALOG_COMPILER_GLOBAL_ACCENT_COLOR_NAME = AccentColor;
				CODE_SIGN_STYLE = Automatic;
				CURRENT_PROJECT_VERSION = 1;
				DEVELOPMENT_ASSET_PATHS = "\"VoiceGuide/Preview Content\"";
				DEVELOPMENT_TEAM = RW9GMW82XW;
				ENABLE_PREVIEWS = YES;
				GENERATE_INFOPLIST_FILE = YES;
				INFOPLIST_FILE = VoiceGuide/Info.plist;
				INFOPLIST_KEY_UIApplicationSceneManifest_Generation = YES;
				INFOPLIST_KEY_UIApplicationSupportsIndirectInputEvents = YES;
				INFOPLIST_KEY_UILaunchScreen_Generation = YES;
				INFOPLIST_KEY_UISupportedInterfaceOrientations_iPad = "UIInterfaceOrientationPortrait UIInterfaceOrientationPortraitUpsideDown UIInterfaceOrientationLandscapeLeft UIInterfaceOrientationLandscapeRight";
				INFOPLIST_KEY_UISupportedInterfaceOrientations_iPhone = "UIInterfaceOrientationPortrait UIInterfaceOrientationLandscapeLeft UIInterfaceOrientationLandscapeRight";
				IPHONEOS_DEPLOYMENT_TARGET = 16.0;
				LD_RUNPATH_SEARCH_PATHS = (
					"$(inherited)",
					"@executable_path/Frameworks",
				);
				MARKETING_VERSION = 1.0;
				PRODUCT_BUNDLE_IDENTIFIER = com.weschua.VoiceGuide;
				PRODUCT_NAME = "$(TARGET_NAME)";
				SWIFT_EMIT_LOC_STRINGS = YES;
				SWIFT_VERSION = 5.0;
				TARGETED_DEVICE_FAMILY = "1,2";
			};
			name = Release;
		};
/* End XCBuildConfiguration section */

/* Begin XCConfigurationList section */
		201824C52A6557B800D06F10 /* Build configuration list for PBXNativeTarget "VoiceGuideTests" */ = {
			isa = XCConfigurationList;
			buildConfigurations = (
				201824C32A6557B800D06F10 /* Debug */,
				201824C42A6557B800D06F10 /* Release */,
			);
			defaultConfigurationIsVisible = 0;
			defaultConfigurationName = Release;
		};
		206F2AA729F973570093935E /* Build configuration list for PBXProject "VoiceGuide" */ = {
			isa = XCConfigurationList;
			buildConfigurations = (
				206F2AB829F973580093935E /* Debug */,
				206F2AB929F973580093935E /* Release */,
			);
			defaultConfigurationIsVisible = 0;
			defaultConfigurationName = Release;
		};
		206F2ABA29F973580093935E /* Build configuration list for PBXNativeTarget "VoiceGuide" */ = {
			isa = XCConfigurationList;
			buildConfigurations = (
				206F2ABB29F973580093935E /* Debug */,
				206F2ABC29F973580093935E /* Release */,
			);
			defaultConfigurationIsVisible = 0;
			defaultConfigurationName = Release;
		};
/* End XCConfigurationList section */

/* Begin XCRemoteSwiftPackageReference section */
		206F2ABD29F9746B0093935E /* XCRemoteSwiftPackageReference "SwiftRUI" */ = {
			isa = XCRemoteSwiftPackageReference;
			repositoryURL = "https://github.com/Sweekwang/SwiftRUI.git";
			requirement = {
				branch = main;
				kind = branch;
			};
		};
/* End XCRemoteSwiftPackageReference section */

/* Begin XCSwiftPackageProductDependency section */
		206F2ABE29F9746B0093935E /* SwiftRUI */ = {
			isa = XCSwiftPackageProductDependency;
			package = 206F2ABD29F9746B0093935E /* XCRemoteSwiftPackageReference "SwiftRUI" */;
			productName = SwiftRUI;
		};
/* End XCSwiftPackageProductDependency section */
	};
	rootObject = 206F2AA429F973570093935E /* Project object */;
}
